
Microsoft Visual Studio Solution File, Format Version 12.00
# Visual Studio Version 17
VisualStudioVersion = 17.1.32210.238
MinimumVisualStudioVersion = 10.0.40219.1
Project("{FAE04EC0-301F-11D3-BF4B-00C04F79EFBC}") = "ProxyLoginAutomator", "ProxyLoginAutomator.csproj", "{39412D6F-BBFF-4E49-AF5C-90A92CC2AC7C}"
EndProject
Project("{FAE04EC0-301F-11D3-BF4B-00C04F79EFBC}") = "lproxy", "..\lproxy\lproxy.csproj", "{F7CBBFB3-EFB0-4841-8A9C-9D662DDDBF98}"
EndProject
Project("{9A19103F-16F7-4668-BE54-9A1E7A4F7556}") = "TitaniumWebProxyTest", "..\TitaniumWebProxyTest\TitaniumWebProxyTest.csproj", "{6457C416-2E77-4633-A7C8-88166A05E0E4}"
EndProject
Global
	GlobalSection(SolutionConfigurationPlatforms) = preSolution
		Debug|Any CPU = Debug|Any CPU
		Release|Any CPU = Release|Any CPU
	EndGlobalSection
	GlobalSection(ProjectConfigurationPlatforms) = postSolution
		{39412D6F-BBFF-4E49-AF5C-90A92CC2AC7C}.Debug|Any CPU.ActiveCfg = Debug|Any CPU
		{39412D6F-BBFF-4E49-AF5C-90A92CC2AC7C}.Debug|Any CPU.Build.0 = Debug|Any CPU
		{39412D6F-BBFF-4E49-AF5C-90A92CC2AC7C}.Release|Any CPU.ActiveCfg = Release|Any CPU
		{39412D6F-BBFF-4E49-AF5C-90A92CC2AC7C}.Release|Any CPU.Build.0 = Release|Any CPU
		{F7CBBFB3-EFB0-4841-8A9C-9D662DDDBF98}.Debug|Any CPU.ActiveCfg = Debug|Any CPU
		{F7CBBFB3-EFB0-4841-8A9C-9D662DDDBF98}.Debug|Any CPU.Build.0 = Debug|Any CPU
		{F7CBBFB3-EFB0-4841-8A9C-9D662DDDBF98}.Release|Any CPU.ActiveCfg = Release|Any CPU
		{F7CBBFB3-EFB0-4841-8A9C-9D662DDDBF98}.Release|Any CPU.Build.0 = Release|Any CPU
		{6457C416-2E77-4633-A7C8-88166A05E0E4}.Debug|Any CPU.ActiveCfg = Debug|Any CPU
		{6457C416-2E77-4633-A7C8-88166A05E0E4}.Debug|Any CPU.Build.0 = Debug|Any CPU
		{6457C416-2E77-4633-A7C8-88166A05E0E4}.Release|Any CPU.ActiveCfg = Release|Any CPU
		{6457C416-2E77-4633-A7C8-88166A05E0E4}.Release|Any CPU.Build.0 = Release|Any CPU
	EndGlobalSection
	GlobalSection(SolutionProperties) = preSolution
		HideSolutionNode = FALSE
	EndGlobalSection
	GlobalSection(ExtensibilityGlobals) = postSolution
		SolutionGuid = {4483D59E-4BE6-44EB-BB4F-84C3D5D15BAF}
	EndGlobalSection
EndGlobal
